
Microsoft Visual Studio Solution File, Format Version 12.00
# Visual Studio 14
VisualStudioVersion = 14.0.25420.1
MinimumVisualStudioVersion = 10.0.40219.1
Project("{FAE04EC0-301F-11D3-BF4B-00C04F79EFBC}") = "WebCollector", "WebCollector\WebCollector.csproj", "{5D695357-55CD-46AF-A8BB-460FDFEAEE34}"
EndProject
Project("{2150E333-8FDC-42A3-9474-1A3956D46DE8}") = "SoftwareController", "SoftwareController", "{4A6D2EEA-E41E-4869-AA02-838BE4D2BE91}"
EndProject
Project("{FAE04EC0-301F-11D3-BF4B-00C04F79EFBC}") = "SoftwareControllerLib", "..\SoftwareController\SoftwareControllerLib\SoftwareControllerLib.csproj", "{05289618-5F5F-46BF-BB82-CEFD8C546B65}"
EndProject
Project("{FAE04EC0-301F-11D3-BF4B-00C04F79EFBC}") = "SoftwareControllerApi", "..\SoftwareController\SoftwareControllerApi\SoftwareControllerApi.csproj", "{E673B825-BB7F-48AF-A5E6-76B9D8059CFB}"
EndProject
Project("{FAE04EC0-301F-11D3-BF4B-00C04F79EFBC}") = "WebCollectorTest", "WebCollectorTest\WebCollectorTest.csproj", "{AA4FA472-2DB3-426F-A0F1-598F16FF1F4D}"
EndProject
Global
	GlobalSection(SolutionConfigurationPlatforms) = preSolution
		Debug|Any CPU = Debug|Any CPU
		Release|Any CPU = Release|Any CPU
	EndGlobalSection
	GlobalSection(ProjectConfigurationPlatforms) = postSolution
		{5D695357-55CD-46AF-A8BB-460FDFEAEE34}.Debug|Any CPU.ActiveCfg = Debug|Any CPU
		{5D695357-55CD-46AF-A8BB-460FDFEAEE34}.Debug|Any CPU.Build.0 = Debug|Any CPU
		{5D695357-55CD-46AF-A8BB-460FDFEAEE34}.Release|Any CPU.ActiveCfg = Release|Any CPU
		{5D695357-55CD-46AF-A8BB-460FDFEAEE34}.Release|Any CPU.Build.0 = Release|Any CPU
		{05289618-5F5F-46BF-BB82-CEFD8C546B65}.Debug|Any CPU.ActiveCfg = Debug|Any CPU
		{05289618-5F5F-46BF-BB82-CEFD8C546B65}.Debug|Any CPU.Build.0 = Debug|Any CPU
		{05289618-5F5F-46BF-BB82-CEFD8C546B65}.Release|Any CPU.ActiveCfg = Release|Any CPU
		{05289618-5F5F-46BF-BB82-CEFD8C546B65}.Release|Any CPU.Build.0 = Release|Any CPU
		{E673B825-BB7F-48AF-A5E6-76B9D8059CFB}.Debug|Any CPU.ActiveCfg = Debug|Any CPU
		{E673B825-BB7F-48AF-A5E6-76B9D8059CFB}.Debug|Any CPU.Build.0 = Debug|Any CPU
		{E673B825-BB7F-48AF-A5E6-76B9D8059CFB}.Release|Any CPU.ActiveCfg = Release|Any CPU
		{E673B825-BB7F-48AF-A5E6-76B9D8059CFB}.Release|Any CPU.Build.0 = Release|Any CPU
		{AA4FA472-2DB3-426F-A0F1-598F16FF1F4D}.Debug|Any CPU.ActiveCfg = Debug|Any CPU
		{AA4FA472-2DB3-426F-A0F1-598F16FF1F4D}.Debug|Any CPU.Build.0 = Debug|Any CPU
		{AA4FA472-2DB3-426F-A0F1-598F16FF1F4D}.Release|Any CPU.ActiveCfg = Release|Any CPU
		{AA4FA472-2DB3-426F-A0F1-598F16FF1F4D}.Release|Any CPU.Build.0 = Release|Any CPU
	EndGlobalSection
	GlobalSection(SolutionProperties) = preSolution
		HideSolutionNode = FALSE
	EndGlobalSection
	GlobalSection(NestedProjects) = preSolution
		{05289618-5F5F-46BF-BB82-CEFD8C546B65} = {4A6D2EEA-E41E-4869-AA02-838BE4D2BE91}
		{E673B825-BB7F-48AF-A5E6-76B9D8059CFB} = {4A6D2EEA-E41E-4869-AA02-838BE4D2BE91}
	EndGlobalSection
EndGlobal
